
Microsoft Visual Studio Solution File, Format Version 12.00
# Visual Studio Version 16
VisualStudioVersion = 16.0.32510.428
MinimumVisualStudioVersion = 10.0.40219.1
Project("{8BC9CEB8-8B4A-11D0-8D11-00A0C91BC942}") = "gui", "gui\gui.vcxproj", "{082CE0A2-6CA6-4960-904F-F6065A70EBD5}"
EndProject
Global
	GlobalSection(SolutionConfigurationPlatforms) = preSolution
		Debug|x64 = Debug|x64
		Debug|x86 = Debug|x86
		Release|x64 = Release|x64
		Release|x86 = Release|x86
	EndGlobalSection
	GlobalSection(ProjectConfigurationPlatforms) = postSolution
		{082CE0A2-6CA6-4960-904F-F6065A70EBD5}.Debug|x64.ActiveCfg = Debug|x64
		{082CE0A2-6CA6-4960-904F-F6065A70EBD5}.Debug|x64.Build.0 = Debug|x64
		{082CE0A2-6CA6-4960-904F-F6065A70EBD5}.Debug|x86.ActiveCfg = Debug|Win32
		{082CE0A2-6CA6-4960-904F-F6065A70EBD5}.Debug|x86.Build.0 = Debug|Win32
		{082CE0A2-6CA6-4960-904F-F6065A70EBD5}.Release|x64.ActiveCfg = Release|x64
		{082CE0A2-6CA6-4960-904F-F6065A70EBD5}.Release|x64.Build.0 = Release|x64
		{082CE0A2-6CA6-4960-904F-F6065A70EBD5}.Release|x86.ActiveCfg = Release|Win32
		{082CE0A2-6CA6-4960-904F-F6065A70EBD5}.Release|x86.Build.0 = Release|Win32
	EndGlobalSection
	GlobalSection(SolutionProperties) = preSolution
		HideSolutionNode = FALSE
	EndGlobalSection
	GlobalSection(ExtensibilityGlobals) = postSolution
		SolutionGuid = {68DCCB1D-DA20-44AD-AD7F-9BE7ADD6A3EA}
	EndGlobalSection
EndGlobal
